
Microsoft Visual Studio Solution File, Format Version 12.00
# Visual Studio Version 16
VisualStudioVersion = 16.0.34114.132
MinimumVisualStudioVersion = 10.0.40219.1
Project("{FAE04EC0-301F-11D3-BF4B-00C04F79EFBC}") = "ImportLoadXML", "ImportLoadXML.csproj", "{C351EB97-0478-462F-A603-8398F6207FF4}"
EndProject
Global
	GlobalSection(SolutionConfigurationPlatforms) = preSolution
		Debug|Any CPU = Debug|Any CPU
		Release|Any CPU = Release|Any CPU
	EndGlobalSection
	GlobalSection(ProjectConfigurationPlatforms) = postSolution
		{C351EB97-0478-462F-A603-8398F6207FF4}.Debug|Any CPU.ActiveCfg = Debug|Any CPU
		{C351EB97-0478-462F-A603-8398F6207FF4}.Debug|Any CPU.Build.0 = Debug|Any CPU
		{C351EB97-0478-462F-A603-8398F6207FF4}.Release|Any CPU.ActiveCfg = Release|Any CPU
		{C351EB97-0478-462F-A603-8398F6207FF4}.Release|Any CPU.Build.0 = Release|Any CPU
	EndGlobalSection
	GlobalSection(SolutionProperties) = preSolution
		HideSolutionNode = FALSE
	EndGlobalSection
	GlobalSection(ExtensibilityGlobals) = postSolution
		SolutionGuid = {AF823B97-D26E-4FF2-927A-3F8A7196808E}
	EndGlobalSection
EndGlobal
